
Microsoft Visual Studio Solution File, Format Version 12.00
# Visual Studio Version 17
VisualStudioVersion = 17.14.36408.4 d17.14
MinimumVisualStudioVersion = 10.0.40219.1
Project("{8BC9CEB8-8B4A-11D0-8D11-00A0C91BC942}") = "src", "src\src.vcxproj", "{CEA913DA-8087-4458-8839-3E67793D0063}"
EndProject
Project("{8BC9CEB8-8B4A-11D0-8D11-00A0C91BC942}") = "tests", "tests\tests.vcxproj", "{CD436572-BD51-46C0-9EBD-EACB5138251E}"
EndProject
Global
	GlobalSection(SolutionConfigurationPlatforms) = preSolution
		Debug|x64 = Debug|x64
		Debug|x86 = Debug|x86
		Release|x64 = Release|x64
		Release|x86 = Release|x86
	EndGlobalSection
	GlobalSection(ProjectConfigurationPlatforms) = postSolution
		{CEA913DA-8087-4458-8839-3E67793D0063}.Debug|x64.ActiveCfg = Debug|x64
		{CEA913DA-8087-4458-8839-3E67793D0063}.Debug|x64.Build.0 = Debug|x64
		{CEA913DA-8087-4458-8839-3E67793D0063}.Debug|x86.ActiveCfg = Debug|Win32
		{CEA913DA-8087-4458-8839-3E67793D0063}.Debug|x86.Build.0 = Debug|Win32
		{CEA913DA-8087-4458-8839-3E67793D0063}.Release|x64.ActiveCfg = Release|x64
		{CEA913DA-8087-4458-8839-3E67793D0063}.Release|x64.Build.0 = Release|x64
		{CEA913DA-8087-4458-8839-3E67793D0063}.Release|x86.ActiveCfg = Release|Win32
		{CEA913DA-8087-4458-8839-3E67793D0063}.Release|x86.Build.0 = Release|Win32
		{CD436572-BD51-46C0-9EBD-EACB5138251E}.Debug|x64.ActiveCfg = Debug|x64
		{CD436572-BD51-46C0-9EBD-EACB5138251E}.Debug|x64.Build.0 = Debug|x64
		{CD436572-BD51-46C0-9EBD-EACB5138251E}.Debug|x86.ActiveCfg = Debug|Win32
		{CD436572-BD51-46C0-9EBD-EACB5138251E}.Debug|x86.Build.0 = Debug|Win32
		{CD436572-BD51-46C0-9EBD-EACB5138251E}.Release|x64.ActiveCfg = Release|x64
		{CD436572-BD51-46C0-9EBD-EACB5138251E}.Release|x64.Build.0 = Release|x64
		{CD436572-BD51-46C0-9EBD-EACB5138251E}.Release|x86.ActiveCfg = Release|Win32
		{CD436572-BD51-46C0-9EBD-EACB5138251E}.Release|x86.Build.0 = Release|Win32
	EndGlobalSection
	GlobalSection(SolutionProperties) = preSolution
		HideSolutionNode = FALSE
	EndGlobalSection
	GlobalSection(ExtensibilityGlobals) = postSolution
		SolutionGuid = {C95E2AD5-F3DC-4AA7-B414-05E9FBC5B0D6}
	EndGlobalSection
EndGlobal
